
Microsoft Visual Studio Solution File, Format Version 12.00
# Visual Studio Version 16
VisualStudioVersion = 16.0.30011.22
MinimumVisualStudioVersion = 10.0.40219.1
Project("{FAE04EC0-301F-11D3-BF4B-00C04F79EFBC}") = "pc_toplama_sistemi", "pc_toplama_sistemi.csproj", "{117C588D-7735-490B-98FB-554CAFF07818}"
EndProject
Global
	GlobalSection(SolutionConfigurationPlatforms) = preSolution
		Debug|Any CPU = Debug|Any CPU
		Release|Any CPU = Release|Any CPU
	EndGlobalSection
	GlobalSection(ProjectConfigurationPlatforms) = postSolution
		{117C588D-7735-490B-98FB-554CAFF07818}.Debug|Any CPU.ActiveCfg = Debug|Any CPU
		{117C588D-7735-490B-98FB-554CAFF07818}.Debug|Any CPU.Build.0 = Debug|Any CPU
		{117C588D-7735-490B-98FB-554CAFF07818}.Release|Any CPU.ActiveCfg = Release|Any CPU
		{117C588D-7735-490B-98FB-554CAFF07818}.Release|Any CPU.Build.0 = Release|Any CPU
	EndGlobalSection
	GlobalSection(SolutionProperties) = preSolution
		HideSolutionNode = FALSE
	EndGlobalSection
	GlobalSection(ExtensibilityGlobals) = postSolution
		SolutionGuid = {6D84C259-1886-4B14-B3E2-2D8B43B83BB0}
	EndGlobalSection
EndGlobal
